// !$*UTF8*$!
{
	archiveVersion = 1;
	classes = {
	};
	objectVersion = 55;
	objects = {

/* Begin PBXBuildFile section */
		3A0284CF291C6F86006DA10A /* QuestionView.swift in Sources */ = {isa = PBXBuildFile; fileRef = 3A0284CE291C6F86006DA10A /* QuestionView.swift */; };
		3A0284D1291C7447006DA10A /* ProgressBar.swift in Sources */ = {isa = PBXBuildFile; fileRef = 3A0284D0291C7447006DA10A /* ProgressBar.swift */; };
		3A0284D4291C84D6006DA10A /* Answer.swift in Sources */ = {isa = PBXBuildFile; fileRef = 3A0284D3291C84D6006DA10A /* Answer.swift */; };
		3A0284D6291CA380006DA10A /* AnswerRow.swift in Sources */ = {isa = PBXBuildFile; fileRef = 3A0284D5291CA380006DA10A /* AnswerRow.swift */; };
		3A0284D8291CBAA9006DA10A /* TriviaView.swift in Sources */ = {isa = PBXBuildFile; fileRef = 3A0284D7291CBAA9006DA10A /* TriviaView.swift */; };
		3A0284DA291CBB05006DA10A /* MainQuizView.swift in Sources */ = {isa = PBXBuildFile; fileRef = 3A0284D9291CBB05006DA10A /* MainQuizView.swift */; };
		3A0284DC291CBE64006DA10A /* Trivia.swift in Sources */ = {isa = PBXBuildFile; fileRef = 3A0284DB291CBE64006DA10A /* Trivia.swift */; };
		3A0284DE291CC15B006DA10A /* TriviaManager.swift in Sources */ = {isa = PBXBuildFile; fileRef = 3A0284DD291CC15B006DA10A /* TriviaManager.swift */; };
		3A0F271A291F2A8100501B63 /* DictionaryView.swift in Sources */ = {isa = PBXBuildFile; fileRef = 3A0F2719291F2A8100501B63 /* DictionaryView.swift */; };
		5B0813A92919D09400702602 /* ProfileView.swift in Sources */ = {isa = PBXBuildFile; fileRef = 5B0813A82919D09400702602 /* ProfileView.swift */; };
		5B0813AC2919D0B500702602 /* DictionaryFaz.swift in Sources */ = {isa = PBXBuildFile; fileRef = 5B0813AB2919D0B500702602 /* DictionaryFaz.swift */; };
		5B0813AE291AF06700702602 /* Login-ViewModel.swift in Sources */ = {isa = PBXBuildFile; fileRef = 5B0813AD291AF06700702602 /* Login-ViewModel.swift */; };
		5B0813B0291AF32000702602 /* Profile-ViewModel.swift in Sources */ = {isa = PBXBuildFile; fileRef = 5B0813AF291AF32000702602 /* Profile-ViewModel.swift */; };
		5B0813B2291AF39200702602 /* User.swift in Sources */ = {isa = PBXBuildFile; fileRef = 5B0813B1291AF39200702602 /* User.swift */; };
		5BAF4F332919B72000900570 /* Ensena_AppApp.swift in Sources */ = {isa = PBXBuildFile; fileRef = 5BAF4F322919B72000900570 /* Ensena_AppApp.swift */; };
		5BAF4F352919B72000900570 /* ContentView.swift in Sources */ = {isa = PBXBuildFile; fileRef = 5BAF4F342919B72000900570 /* ContentView.swift */; };
		5BAF4F372919B72200900570 /* Assets.xcassets in Resources */ = {isa = PBXBuildFile; fileRef = 5BAF4F362919B72200900570 /* Assets.xcassets */; };
		5BAF4F3A2919B72200900570 /* Preview Assets.xcassets in Resources */ = {isa = PBXBuildFile; fileRef = 5BAF4F392919B72200900570 /* Preview Assets.xcassets */; };
		5BAF4F442919B72200900570 /* Ensena_AppTests.swift in Sources */ = {isa = PBXBuildFile; fileRef = 5BAF4F432919B72200900570 /* Ensena_AppTests.swift */; };
		5BAF4F4E2919B72200900570 /* Ensena_AppUITests.swift in Sources */ = {isa = PBXBuildFile; fileRef = 5BAF4F4D2919B72200900570 /* Ensena_AppUITests.swift */; };
		5BAF4F502919B72200900570 /* Ensena_AppUITestsLaunchTests.swift in Sources */ = {isa = PBXBuildFile; fileRef = 5BAF4F4F2919B72200900570 /* Ensena_AppUITestsLaunchTests.swift */; };
		5BAF4F6B2919B93E00900570 /* Content-ViewModel.swift in Sources */ = {isa = PBXBuildFile; fileRef = 5BAF4F6A2919B93E00900570 /* Content-ViewModel.swift */; };
		5BAF4F6D2919B96600900570 /* CoursesView.swift in Sources */ = {isa = PBXBuildFile; fileRef = 5BAF4F6C2919B96600900570 /* CoursesView.swift */; };
		5BAF4F6F2919B98700900570 /* Courses-ViewModel.swift in Sources */ = {isa = PBXBuildFile; fileRef = 5BAF4F6E2919B98700900570 /* Courses-ViewModel.swift */; };
		5BAF4F732919B9D700900570 /* Course.swift in Sources */ = {isa = PBXBuildFile; fileRef = 5BAF4F722919B9D700900570 /* Course.swift */; };
		5BAF4F7A2919BA6700900570 /* LoginView.swift in Sources */ = {isa = PBXBuildFile; fileRef = 5BAF4F792919BA6700900570 /* LoginView.swift */; };
/* End PBXBuildFile section */

/* Begin PBXContainerItemProxy section */
		5BAF4F402919B72200900570 /* PBXContainerItemProxy */ = {
			isa = PBXContainerItemProxy;
			containerPortal = 5BAF4F272919B72000900570 /* Project object */;
			proxyType = 1;
			remoteGlobalIDString = 5BAF4F2E2919B72000900570;
			remoteInfo = "Ensena-App";
		};
		5BAF4F4A2919B72200900570 /* PBXContainerItemProxy */ = {
			isa = PBXContainerItemProxy;
			containerPortal = 5BAF4F272919B72000900570 /* Project object */;
			proxyType = 1;
			remoteGlobalIDString = 5BAF4F2E2919B72000900570;
			remoteInfo = "Ensena-App";
		};
/* End PBXContainerItemProxy section */

/* Begin PBXFileReference section */
		3A0284CE291C6F86006DA10A /* QuestionView.swift */ = {isa = PBXFileReference; lastKnownFileType = sourcecode.swift; path = QuestionView.swift; sourceTree = "<group>"; };
		3A0284D0291C7447006DA10A /* ProgressBar.swift */ = {isa = PBXFileReference; lastKnownFileType = sourcecode.swift; path = ProgressBar.swift; sourceTree = "<group>"; };
		3A0284D3291C84D6006DA10A /* Answer.swift */ = {isa = PBXFileReference; lastKnownFileType = sourcecode.swift; path = Answer.swift; sourceTree = "<group>"; };
		3A0284D5291CA380006DA10A /* AnswerRow.swift */ = {isa = PBXFileReference; lastKnownFileType = sourcecode.swift; path = AnswerRow.swift; sourceTree = "<group>"; };
		3A0284D7291CBAA9006DA10A /* TriviaView.swift */ = {isa = PBXFileReference; lastKnownFileType = sourcecode.swift; path = TriviaView.swift; sourceTree = "<group>"; };
		3A0284D9291CBB05006DA10A /* MainQuizView.swift */ = {isa = PBXFileReference; lastKnownFileType = sourcecode.swift; path = MainQuizView.swift; sourceTree = "<group>"; };
		3A0284DB291CBE64006DA10A /* Trivia.swift */ = {isa = PBXFileReference; lastKnownFileType = sourcecode.swift; path = Trivia.swift; sourceTree = "<group>"; };
		3A0284DD291CC15B006DA10A /* TriviaManager.swift */ = {isa = PBXFileReference; lastKnownFileType = sourcecode.swift; path = TriviaManager.swift; sourceTree = "<group>"; };
		3A0F2719291F2A8100501B63 /* DictionaryView.swift */ = {isa = PBXFileReference; lastKnownFileType = sourcecode.swift; path = DictionaryView.swift; sourceTree = "<group>"; };
		5B0813A82919D09400702602 /* ProfileView.swift */ = {isa = PBXFileReference; lastKnownFileType = sourcecode.swift; path = ProfileView.swift; sourceTree = "<group>"; };
		5B0813AB2919D0B500702602 /* DictionaryFaz.swift */ = {isa = PBXFileReference; lastKnownFileType = sourcecode.swift; path = DictionaryFaz.swift; sourceTree = "<group>"; };
		5B0813AD291AF06700702602 /* Login-ViewModel.swift */ = {isa = PBXFileReference; lastKnownFileType = sourcecode.swift; path = "Login-ViewModel.swift"; sourceTree = "<group>"; };
		5B0813AF291AF32000702602 /* Profile-ViewModel.swift */ = {isa = PBXFileReference; lastKnownFileType = sourcecode.swift; path = "Profile-ViewModel.swift"; sourceTree = "<group>"; };
		5B0813B1291AF39200702602 /* User.swift */ = {isa = PBXFileReference; lastKnownFileType = sourcecode.swift; path = User.swift; sourceTree = "<group>"; };
		5BAF4F2F2919B72000900570 /* Ensena-App.app */ = {isa = PBXFileReference; explicitFileType = wrapper.application; includeInIndex = 0; path = "Ensena-App.app"; sourceTree = BUILT_PRODUCTS_DIR; };
		5BAF4F322919B72000900570 /* Ensena_AppApp.swift */ = {isa = PBXFileReference; lastKnownFileType = sourcecode.swift; path = Ensena_AppApp.swift; sourceTree = "<group>"; };
		5BAF4F342919B72000900570 /* ContentView.swift */ = {isa = PBXFileReference; lastKnownFileType = sourcecode.swift; path = ContentView.swift; sourceTree = "<group>"; };
		5BAF4F362919B72200900570 /* Assets.xcassets */ = {isa = PBXFileReference; lastKnownFileType = folder.assetcatalog; path = Assets.xcassets; sourceTree = "<group>"; };
		5BAF4F392919B72200900570 /* Preview Assets.xcassets */ = {isa = PBXFileReference; lastKnownFileType = folder.assetcatalog; path = "Preview Assets.xcassets"; sourceTree = "<group>"; };
		5BAF4F3F2919B72200900570 /* Ensena-AppTests.xctest */ = {isa = PBXFileReference; explicitFileType = wrapper.cfbundle; includeInIndex = 0; path = "Ensena-AppTests.xctest"; sourceTree = BUILT_PRODUCTS_DIR; };
		5BAF4F432919B72200900570 /* Ensena_AppTests.swift */ = {isa = PBXFileReference; lastKnownFileType = sourcecode.swift; path = Ensena_AppTests.swift; sourceTree = "<group>"; };
		5BAF4F492919B72200900570 /* Ensena-AppUITests.xctest */ = {isa = PBXFileReference; explicitFileType = wrapper.cfbundle; includeInIndex = 0; path = "Ensena-AppUITests.xctest"; sourceTree = BUILT_PRODUCTS_DIR; };
		5BAF4F4D2919B72200900570 /* Ensena_AppUITests.swift */ = {isa = PBXFileReference; lastKnownFileType = sourcecode.swift; path = Ensena_AppUITests.swift; sourceTree = "<group>"; };
		5BAF4F4F2919B72200900570 /* Ensena_AppUITestsLaunchTests.swift */ = {isa = PBXFileReference; lastKnownFileType = sourcecode.swift; path = Ensena_AppUITestsLaunchTests.swift; sourceTree = "<group>"; };
		5BAF4F6A2919B93E00900570 /* Content-ViewModel.swift */ = {isa = PBXFileReference; lastKnownFileType = sourcecode.swift; path = "Content-ViewModel.swift"; sourceTree = "<group>"; };
		5BAF4F6C2919B96600900570 /* CoursesView.swift */ = {isa = PBXFileReference; lastKnownFileType = sourcecode.swift; path = CoursesView.swift; sourceTree = "<group>"; };
		5BAF4F6E2919B98700900570 /* Courses-ViewModel.swift */ = {isa = PBXFileReference; lastKnownFileType = sourcecode.swift; path = "Courses-ViewModel.swift"; sourceTree = "<group>"; };
		5BAF4F722919B9D700900570 /* Course.swift */ = {isa = PBXFileReference; lastKnownFileType = sourcecode.swift; path = Course.swift; sourceTree = "<group>"; };
		5BAF4F792919BA6700900570 /* LoginView.swift */ = {isa = PBXFileReference; lastKnownFileType = sourcecode.swift; path = LoginView.swift; sourceTree = "<group>"; };
/* End PBXFileReference section */

/* Begin PBXFrameworksBuildPhase section */
		5BAF4F2C2919B72000900570 /* Frameworks */ = {
			isa = PBXFrameworksBuildPhase;
			buildActionMask = 2147483647;
			files = (
			);
			runOnlyForDeploymentPostprocessing = 0;
		};
		5BAF4F3C2919B72200900570 /* Frameworks */ = {
			isa = PBXFrameworksBuildPhase;
			buildActionMask = 2147483647;
			files = (
			);
			runOnlyForDeploymentPostprocessing = 0;
		};
		5BAF4F462919B72200900570 /* Frameworks */ = {
			isa = PBXFrameworksBuildPhase;
			buildActionMask = 2147483647;
			files = (
			);
			runOnlyForDeploymentPostprocessing = 0;
		};
/* End PBXFrameworksBuildPhase section */

/* Begin PBXGroup section */
		3A0284CC291C6C2E006DA10A /* QuizView */ = {
			isa = PBXGroup;
			children = (
				3A0284D2291C84AF006DA10A /* Models */,
				3A0284CD291C6CB6006DA10A /* Components */,
				3A0284CE291C6F86006DA10A /* QuestionView.swift */,
				3A0284D7291CBAA9006DA10A /* TriviaView.swift */,
				3A0284DD291CC15B006DA10A /* TriviaManager.swift */,
				3A0284DB291CBE64006DA10A /* Trivia.swift */,
				3A0284D9291CBB05006DA10A /* MainQuizView.swift */,
			);
			path = QuizView;
			sourceTree = "<group>";
		};
		3A0284CD291C6CB6006DA10A /* Components */ = {
			isa = PBXGroup;
			children = (
				3A0284D0291C7447006DA10A /* ProgressBar.swift */,
				3A0284D5291CA380006DA10A /* AnswerRow.swift */,
			);
			path = Components;
			sourceTree = "<group>";
		};
		3A0284D2291C84AF006DA10A /* Models */ = {
			isa = PBXGroup;
			children = (
				3A0284D3291C84D6006DA10A /* Answer.swift */,
			);
			path = Models;
			sourceTree = "<group>";
		};
		3A0F2718291F2A7500501B63 /* DictionaryView */ = {
			isa = PBXGroup;
			children = (
				3A0F2719291F2A8100501B63 /* DictionaryView.swift */,
			);
			path = DictionaryView;
			sourceTree = "<group>";
		};
		5B0813A72919D07D00702602 /* ProfileView */ = {
			isa = PBXGroup;
			children = (
				5B0813A82919D09400702602 /* ProfileView.swift */,
				5B0813AF291AF32000702602 /* Profile-ViewModel.swift */,
			);
			path = ProfileView;
			sourceTree = "<group>";
		};
		5B0813AA2919D0A400702602 /* DictionaryFazView */ = {
			isa = PBXGroup;
			children = (
				5B0813AB2919D0B500702602 /* DictionaryFaz.swift */,
			);
			path = DictionaryFazView;
			sourceTree = "<group>";
		};
		5BAF4F262919B72000900570 = {
			isa = PBXGroup;
			children = (
				5BAF4F312919B72000900570 /* Ensena-App */,
				5BAF4F422919B72200900570 /* Ensena-AppTests */,
				5BAF4F4C2919B72200900570 /* Ensena-AppUITests */,
				5BAF4F302919B72000900570 /* Products */,
			);
			sourceTree = "<group>";
		};
		5BAF4F302919B72000900570 /* Products */ = {
			isa = PBXGroup;
			children = (
				5BAF4F2F2919B72000900570 /* Ensena-App.app */,
				5BAF4F3F2919B72200900570 /* Ensena-AppTests.xctest */,
				5BAF4F492919B72200900570 /* Ensena-AppUITests.xctest */,
			);
			name = Products;
			sourceTree = "<group>";
		};
		5BAF4F312919B72000900570 /* Ensena-App */ = {
			isa = PBXGroup;
			children = (
				3A0F2718291F2A7500501B63 /* DictionaryView */,
				3A0284CC291C6C2E006DA10A /* QuizView */,
				5B0813AA2919D0A400702602 /* DictionaryFazView */,
				5B0813A72919D07D00702602 /* ProfileView */,
				5BAF4F782919BA5600900570 /* LoginView */,
				5BAF4F712919B9C800900570 /* Models */,
				5BAF4F322919B72000900570 /* Ensena_AppApp.swift */,
				5BAF4F342919B72000900570 /* ContentView.swift */,
				5BAF4F6A2919B93E00900570 /* Content-ViewModel.swift */,
				5BAF4F702919B9A100900570 /* CoursesView */,
				5BAF4F362919B72200900570 /* Assets.xcassets */,
				5BAF4F382919B72200900570 /* Preview Content */,
			);
			path = "Ensena-App";
			sourceTree = "<group>";
		};
		5BAF4F382919B72200900570 /* Preview Content */ = {
			isa = PBXGroup;
			children = (
				5BAF4F392919B72200900570 /* Preview Assets.xcassets */,
			);
			path = "Preview Content";
			sourceTree = "<group>";
		};
		5BAF4F422919B72200900570 /* Ensena-AppTests */ = {
			isa = PBXGroup;
			children = (
				5BAF4F432919B72200900570 /* Ensena_AppTests.swift */,
			);
			path = "Ensena-AppTests";
			sourceTree = "<group>";
		};
		5BAF4F4C2919B72200900570 /* Ensena-AppUITests */ = {
			isa = PBXGroup;
			children = (
				5BAF4F4D2919B72200900570 /* Ensena_AppUITests.swift */,
				5BAF4F4F2919B72200900570 /* Ensena_AppUITestsLaunchTests.swift */,
			);
			path = "Ensena-AppUITests";
			sourceTree = "<group>";
		};
		5BAF4F702919B9A100900570 /* CoursesView */ = {
			isa = PBXGroup;
			children = (
				5BAF4F6C2919B96600900570 /* CoursesView.swift */,
				5BAF4F6E2919B98700900570 /* Courses-ViewModel.swift */,
			);
			path = CoursesView;
			sourceTree = "<group>";
		};
		5BAF4F712919B9C800900570 /* Models */ = {
			isa = PBXGroup;
			children = (
				5BAF4F722919B9D700900570 /* Course.swift */,
				5B0813B1291AF39200702602 /* User.swift */,
			);
			path = Models;
			sourceTree = "<group>";
		};
		5BAF4F782919BA5600900570 /* LoginView */ = {
			isa = PBXGroup;
			children = (
				5BAF4F792919BA6700900570 /* LoginView.swift */,
				5B0813AD291AF06700702602 /* Login-ViewModel.swift */,
			);
			path = LoginView;
			sourceTree = "<group>";
		};
/* End PBXGroup section */

/* Begin PBXNativeTarget section */
		5BAF4F2E2919B72000900570 /* Ensena-App */ = {
			isa = PBXNativeTarget;
			buildConfigurationList = 5BAF4F532919B72200900570 /* Build configuration list for PBXNativeTarget "Ensena-App" */;
			buildPhases = (
				5BAF4F2B2919B72000900570 /* Sources */,
				5BAF4F2C2919B72000900570 /* Frameworks */,
				5BAF4F2D2919B72000900570 /* Resources */,
			);
			buildRules = (
			);
			dependencies = (
			);
			name = "Ensena-App";
			productName = "Ensena-App";
			productReference = 5BAF4F2F2919B72000900570 /* Ensena-App.app */;
			productType = "com.apple.product-type.application";
		};
		5BAF4F3E2919B72200900570 /* Ensena-AppTests */ = {
			isa = PBXNativeTarget;
			buildConfigurationList = 5BAF4F562919B72200900570 /* Build configuration list for PBXNativeTarget "Ensena-AppTests" */;
			buildPhases = (
				5BAF4F3B2919B72200900570 /* Sources */,
				5BAF4F3C2919B72200900570 /* Frameworks */,
				5BAF4F3D2919B72200900570 /* Resources */,
			);
			buildRules = (
			);
			dependencies = (
				5BAF4F412919B72200900570 /* PBXTargetDependency */,
			);
			name = "Ensena-AppTests";
			productName = "Ensena-AppTests";
			productReference = 5BAF4F3F2919B72200900570 /* Ensena-AppTests.xctest */;
			productType = "com.apple.product-type.bundle.unit-test";
		};
		5BAF4F482919B72200900570 /* Ensena-AppUITests */ = {
			isa = PBXNativeTarget;
			buildConfigurationList = 5BAF4F592919B72200900570 /* Build configuration list for PBXNativeTarget "Ensena-AppUITests" */;
			buildPhases = (
				5BAF4F452919B72200900570 /* Sources */,
				5BAF4F462919B72200900570 /* Frameworks */,
				5BAF4F472919B72200900570 /* Resources */,
			);
			buildRules = (
			);
			dependencies = (
				5BAF4F4B2919B72200900570 /* PBXTargetDependency */,
			);
			name = "Ensena-AppUITests";
			productName = "Ensena-AppUITests";
			productReference = 5BAF4F492919B72200900570 /* Ensena-AppUITests.xctest */;
			productType = "com.apple.product-type.bundle.ui-testing";
		};
/* End PBXNativeTarget section */

/* Begin PBXProject section */
		5BAF4F272919B72000900570 /* Project object */ = {
			isa = PBXProject;
			attributes = {
				BuildIndependentTargetsInParallel = 1;
				LastSwiftUpdateCheck = 1340;
				LastUpgradeCheck = 1340;
				TargetAttributes = {
					5BAF4F2E2919B72000900570 = {
						CreatedOnToolsVersion = 13.4.1;
					};
					5BAF4F3E2919B72200900570 = {
						CreatedOnToolsVersion = 13.4.1;
						TestTargetID = 5BAF4F2E2919B72000900570;
					};
					5BAF4F482919B72200900570 = {
						CreatedOnToolsVersion = 13.4.1;
						TestTargetID = 5BAF4F2E2919B72000900570;
					};
				};
			};
			buildConfigurationList = 5BAF4F2A2919B72000900570 /* Build configuration list for PBXProject "Ensena-App" */;
			compatibilityVersion = "Xcode 13.0";
			developmentRegion = en;
			hasScannedForEncodings = 0;
			knownRegions = (
				en,
				Base,
			);
			mainGroup = 5BAF4F262919B72000900570;
			productRefGroup = 5BAF4F302919B72000900570 /* Products */;
			projectDirPath = "";
			projectRoot = "";
			targets = (
				5BAF4F2E2919B72000900570 /* Ensena-App */,
				5BAF4F3E2919B72200900570 /* Ensena-AppTests */,
				5BAF4F482919B72200900570 /* Ensena-AppUITests */,
			);
		};
/* End PBXProject section */

/* Begin PBXResourcesBuildPhase section */
		5BAF4F2D2919B72000900570 /* Resources */ = {
			isa = PBXResourcesBuildPhase;
			buildActionMask = 2147483647;
			files = (
				5BAF4F3A2919B72200900570 /* Preview Assets.xcassets in Resources */,
				5BAF4F372919B72200900570 /* Assets.xcassets in Resources */,
			);
			runOnlyForDeploymentPostprocessing = 0;
		};
		5BAF4F3D2919B72200900570 /* Resources */ = {
			isa = PBXResourcesBuildPhase;
			buildActionMask = 2147483647;
			files = (
			);
			runOnlyForDeploymentPostprocessing = 0;
		};
		5BAF4F472919B72200900570 /* Resources */ = {
			isa = PBXResourcesBuildPhase;
			buildActionMask = 2147483647;
			files = (
			);
			runOnlyForDeploymentPostprocessing = 0;
		};
/* End PBXResourcesBuildPhase section */

/* Begin PBXSourcesBuildPhase section */
		5BAF4F2B2919B72000900570 /* Sources */ = {
			isa = PBXSourcesBuildPhase;
			buildActionMask = 2147483647;
			files = (
				3A0284DE291CC15B006DA10A /* TriviaManager.swift in Sources */,
				5B0813AE291AF06700702602 /* Login-ViewModel.swift in Sources */,
				5B0813B0291AF32000702602 /* Profile-ViewModel.swift in Sources */,
				3A0284D6291CA380006DA10A /* AnswerRow.swift in Sources */,
				5B0813A92919D09400702602 /* ProfileView.swift in Sources */,
				5BAF4F732919B9D700900570 /* Course.swift in Sources */,
				5BAF4F352919B72000900570 /* ContentView.swift in Sources */,
				5BAF4F332919B72000900570 /* Ensena_AppApp.swift in Sources */,
				3A0F271A291F2A8100501B63 /* DictionaryView.swift in Sources */,
				3A0284D1291C7447006DA10A /* ProgressBar.swift in Sources */,
				3A0284DC291CBE64006DA10A /* Trivia.swift in Sources */,
				3A0284CF291C6F86006DA10A /* QuestionView.swift in Sources */,
				5BAF4F6B2919B93E00900570 /* Content-ViewModel.swift in Sources */,
				3A0284D8291CBAA9006DA10A /* TriviaView.swift in Sources */,
				5BAF4F6D2919B96600900570 /* CoursesView.swift in Sources */,
				5B0813B2291AF39200702602 /* User.swift in Sources */,
				5BAF4F7A2919BA6700900570 /* LoginView.swift in Sources */,
				3A0284DA291CBB05006DA10A /* MainQuizView.swift in Sources */,
				3A0284D4291C84D6006DA10A /* Answer.swift in Sources */,
				5B0813AC2919D0B500702602 /* DictionaryFaz.swift in Sources */,
				5BAF4F6F2919B98700900570 /* Courses-ViewModel.swift in Sources */,
			);
			runOnlyForDeploymentPostprocessing = 0;
		};
		5BAF4F3B2919B72200900570 /* Sources */ = {
			isa = PBXSourcesBuildPhase;
			buildActionMask = 2147483647;
			files = (
				5BAF4F442919B72200900570 /* Ensena_AppTests.swift in Sources */,
			);
			runOnlyForDeploymentPostprocessing = 0;
		};
		5BAF4F452919B72200900570 /* Sources */ = {
			isa = PBXSourcesBuildPhase;
			buildActionMask = 2147483647;
			files = (
				5BAF4F502919B72200900570 /* Ensena_AppUITestsLaunchTests.swift in Sources */,
				5BAF4F4E2919B72200900570 /* Ensena_AppUITests.swift in Sources */,
			);
			runOnlyForDeploymentPostprocessing = 0;
		};
/* End PBXSourcesBuildPhase section */

/* Begin PBXTargetDependency section */
		5BAF4F412919B72200900570 /* PBXTargetDependency */ = {
			isa = PBXTargetDependency;
			target = 5BAF4F2E2919B72000900570 /* Ensena-App */;
			targetProxy = 5BAF4F402919B72200900570 /* PBXContainerItemProxy */;
		};
		5BAF4F4B2919B72200900570 /* PBXTargetDependency */ = {
			isa = PBXTargetDependency;
			target = 5BAF4F2E2919B72000900570 /* Ensena-App */;
			targetProxy = 5BAF4F4A2919B72200900570 /* PBXContainerItemProxy */;
		};
/* End PBXTargetDependency section */

/* Begin XCBuildConfiguration section */
		5BAF4F512919B72200900570 /* Debug */ = {
			isa = XCBuildConfiguration;
			buildSettings = {
				ALWAYS_SEARCH_USER_PATHS = NO;
				CLANG_ANALYZER_NONNULL = YES;
				CLANG_ANALYZER_NUMBER_OBJECT_CONVERSION = YES_AGGRESSIVE;
				CLANG_CXX_LANGUAGE_STANDARD = "gnu++17";
				CLANG_ENABLE_MODULES = YES;
				CLANG_ENABLE_OBJC_ARC = YES;
				CLANG_ENABLE_OBJC_WEAK = YES;
				CLANG_WARN_BLOCK_CAPTURE_AUTORELEASING = YES;
				CLANG_WARN_BOOL_CONVERSION = YES;
				CLANG_WARN_COMMA = YES;
				CLANG_WARN_CONSTANT_CONVERSION = YES;
				CLANG_WARN_DEPRECATED_OBJC_IMPLEMENTATIONS = YES;
				CLANG_WARN_DIRECT_OBJC_ISA_USAGE = YES_ERROR;
				CLANG_WARN_DOCUMENTATION_COMMENTS = YES;
				CLANG_WARN_EMPTY_BODY = YES;
				CLANG_WARN_ENUM_CONVERSION = YES;
				CLANG_WARN_INFINITE_RECURSION = YES;
				CLANG_WARN_INT_CONVERSION = YES;
				CLANG_WARN_NON_LITERAL_NULL_CONVERSION = YES;
				CLANG_WARN_OBJC_IMPLICIT_RETAIN_SELF = YES;
				CLANG_WARN_OBJC_LITERAL_CONVERSION = YES;
				CLANG_WARN_OBJC_ROOT_CLASS = YES_ERROR;
				CLANG_WARN_QUOTED_INCLUDE_IN_FRAMEWORK_HEADER = YES;
				CLANG_WARN_RANGE_LOOP_ANALYSIS = YES;
				CLANG_WARN_STRICT_PROTOTYPES = YES;
				CLANG_WARN_SUSPICIOUS_MOVE = YES;
				CLANG_WARN_UNGUARDED_AVAILABILITY = YES_AGGRESSIVE;
				CLANG_WARN_UNREACHABLE_CODE = YES;
				CLANG_WARN__DUPLICATE_METHOD_MATCH = YES;
				COPY_PHASE_STRIP = NO;
				DEBUG_INFORMATION_FORMAT = dwarf;
				ENABLE_STRICT_OBJC_MSGSEND = YES;
				ENABLE_TESTABILITY = YES;
				GCC_C_LANGUAGE_STANDARD = gnu11;
				GCC_DYNAMIC_NO_PIC = NO;
				GCC_NO_COMMON_BLOCKS = YES;
				GCC_OPTIMIZATION_LEVEL = 0;
				GCC_PREPROCESSOR_DEFINITIONS = (
					"DEBUG=1",
					"$(inherited)",
				);
				GCC_WARN_64_TO_32_BIT_CONVERSION = YES;
				GCC_WARN_ABOUT_RETURN_TYPE = YES_ERROR;
				GCC_WARN_UNDECLARED_SELECTOR = YES;
				GCC_WARN_UNINITIALIZED_AUTOS = YES_AGGRESSIVE;
				GCC_WARN_UNUSED_FUNCTION = YES;
				GCC_WARN_UNUSED_VARIABLE = YES;
				IPHONEOS_DEPLOYMENT_TARGET = 15.5;
				MTL_ENABLE_DEBUG_INFO = INCLUDE_SOURCE;
				MTL_FAST_MATH = YES;
				ONLY_ACTIVE_ARCH = YES;
				SDKROOT = iphoneos;
				SWIFT_ACTIVE_COMPILATION_CONDITIONS = DEBUG;
				SWIFT_OPTIMIZATION_LEVEL = "-Onone";
			};
			name = Debug;
		};
		5BAF4F522919B72200900570 /* Release */ = {
			isa = XCBuildConfiguration;
			buildSettings = {
				ALWAYS_SEARCH_USER_PATHS = NO;
				CLANG_ANALYZER_NONNULL = YES;
				CLANG_ANALYZER_NUMBER_OBJECT_CONVERSION = YES_AGGRESSIVE;
				CLANG_CXX_LANGUAGE_STANDARD = "gnu++17";
				CLANG_ENABLE_MODULES = YES;
				CLANG_ENABLE_OBJC_ARC = YES;
				CLANG_ENABLE_OBJC_WEAK = YES;
				CLANG_WARN_BLOCK_CAPTURE_AUTORELEASING = YES;
				CLANG_WARN_BOOL_CONVERSION = YES;
				CLANG_WARN_COMMA = YES;
				CLANG_WARN_CONSTANT_CONVERSION = YES;
				CLANG_WARN_DEPRECATED_OBJC_IMPLEMENTATIONS = YES;
				CLANG_WARN_DIRECT_OBJC_ISA_USAGE = YES_ERROR;
				CLANG_WARN_DOCUMENTATION_COMMENTS = YES;
				CLANG_WARN_EMPTY_BODY = YES;
				CLANG_WARN_ENUM_CONVERSION = YES;
				CLANG_WARN_INFINITE_RECURSION = YES;
				CLANG_WARN_INT_CONVERSION = YES;
				CLANG_WARN_NON_LITERAL_NULL_CONVERSION = YES;
				CLANG_WARN_OBJC_IMPLICIT_RETAIN_SELF = YES;
				CLANG_WARN_OBJC_LITERAL_CONVERSION = YES;
				CLANG_WARN_OBJC_ROOT_CLASS = YES_ERROR;
				CLANG_WARN_QUOTED_INCLUDE_IN_FRAMEWORK_HEADER = YES;
				CLANG_WARN_RANGE_LOOP_ANALYSIS = YES;
				CLANG_WARN_STRICT_PROTOTYPES = YES;
				CLANG_WARN_SUSPICIOUS_MOVE = YES;
				CLANG_WARN_UNGUARDED_AVAILABILITY = YES_AGGRESSIVE;
				CLANG_WARN_UNREACHABLE_CODE = YES;
				CLANG_WARN__DUPLICATE_METHOD_MATCH = YES;
				COPY_PHASE_STRIP = NO;
				DEBUG_INFORMATION_FORMAT = "dwarf-with-dsym";
				ENABLE_NS_ASSERTIONS = NO;
				ENABLE_STRICT_OBJC_MSGSEND = YES;
				GCC_C_LANGUAGE_STANDARD = gnu11;
				GCC_NO_COMMON_BLOCKS = YES;
				GCC_WARN_64_TO_32_BIT_CONVERSION = YES;
				GCC_WARN_ABOUT_RETURN_TYPE = YES_ERROR;
				GCC_WARN_UNDECLARED_SELECTOR = YES;
				GCC_WARN_UNINITIALIZED_AUTOS = YES_AGGRESSIVE;
				GCC_WARN_UNUSED_FUNCTION = YES;
				GCC_WARN_UNUSED_VARIABLE = YES;
				IPHONEOS_DEPLOYMENT_TARGET = 15.5;
				MTL_ENABLE_DEBUG_INFO = NO;
				MTL_FAST_MATH = YES;
				SDKROOT = iphoneos;
				SWIFT_COMPILATION_MODE = wholemodule;
				SWIFT_OPTIMIZATION_LEVEL = "-O";
				VALIDATE_PRODUCT = YES;
			};
			name = Release;
		};
		5BAF4F542919B72200900570 /* Debug */ = {
			isa = XCBuildConfiguration;
			buildSettings = {
				ASSETCATALOG_COMPILER_APPICON_NAME = AppIcon;
				ASSETCATALOG_COMPILER_GLOBAL_ACCENT_COLOR_NAME = AccentColor;
				CODE_SIGN_STYLE = Automatic;
				CURRENT_PROJECT_VERSION = 1;
				DEVELOPMENT_ASSET_PATHS = "\"Ensena-App/Preview Content\"";
				DEVELOPMENT_TEAM = 52G8X4NULG;
				ENABLE_PREVIEWS = YES;
				GENERATE_INFOPLIST_FILE = YES;
				INFOPLIST_KEY_UIApplicationSceneManifest_Generation = YES;
				INFOPLIST_KEY_UIApplicationSupportsIndirectInputEvents = YES;
				INFOPLIST_KEY_UILaunchScreen_Generation = YES;
				INFOPLIST_KEY_UISupportedInterfaceOrientations_iPad = "UIInterfaceOrientationPortrait UIInterfaceOrientationPortraitUpsideDown UIInterfaceOrientationLandscapeLeft UIInterfaceOrientationLandscapeRight";
				INFOPLIST_KEY_UISupportedInterfaceOrientations_iPhone = "UIInterfaceOrientationPortrait UIInterfaceOrientationLandscapeLeft UIInterfaceOrientationLandscapeRight";
				IPHONEOS_DEPLOYMENT_TARGET = 15.2;
				LD_RUNPATH_SEARCH_PATHS = (
					"$(inherited)",
					"@executable_path/Frameworks",
				);
				MARKETING_VERSION = 1.0;
				PRODUCT_BUNDLE_IDENTIFIER = "Adrian.Ensena-App";
				PRODUCT_NAME = "$(TARGET_NAME)";
				SWIFT_EMIT_LOC_STRINGS = YES;
				SWIFT_VERSION = 5.0;
				TARGETED_DEVICE_FAMILY = "1,2";
			};
			name = Debug;
		};
		5BAF4F552919B72200900570 /* Release */ = {
			isa = XCBuildConfiguration;
			buildSettings = {
				ASSETCATALOG_COMPILER_APPICON_NAME = AppIcon;
				ASSETCATALOG_COMPILER_GLOBAL_ACCENT_COLOR_NAME = AccentColor;
				CODE_SIGN_STYLE = Automatic;
				CURRENT_PROJECT_VERSION = 1;
				DEVELOPMENT_ASSET_PATHS = "\"Ensena-App/Preview Content\"";
				DEVELOPMENT_TEAM = 52G8X4NULG;
				ENABLE_PREVIEWS = YES;
				GENERATE_INFOPLIST_FILE = YES;
				INFOPLIST_KEY_UIApplicationSceneManifest_Generation = YES;
				INFOPLIST_KEY_UIApplicationSupportsIndirectInputEvents = YES;
				INFOPLIST_KEY_UILaunchScreen_Generation = YES;
				INFOPLIST_KEY_UISupportedInterfaceOrientations_iPad = "UIInterfaceOrientationPortrait UIInterfaceOrientationPortraitUpsideDown UIInterfaceOrientationLandscapeLeft UIInterfaceOrientationLandscapeRight";
				INFOPLIST_KEY_UISupportedInterfaceOrientations_iPhone = "UIInterfaceOrientationPortrait UIInterfaceOrientationLandscapeLeft UIInterfaceOrientationLandscapeRight";
				IPHONEOS_DEPLOYMENT_TARGET = 15.2;
				LD_RUNPATH_SEARCH_PATHS = (
					"$(inherited)",
					"@executable_path/Frameworks",
				);
				MARKETING_VERSION = 1.0;
				PRODUCT_BUNDLE_IDENTIFIER = "Adrian.Ensena-App";
				PRODUCT_NAME = "$(TARGET_NAME)";
				SWIFT_EMIT_LOC_STRINGS = YES;
				SWIFT_VERSION = 5.0;
				TARGETED_DEVICE_FAMILY = "1,2";
			};
			name = Release;
		};
		5BAF4F572919B72200900570 /* Debug */ = {
			isa = XCBuildConfiguration;
			buildSettings = {
				ALWAYS_EMBED_SWIFT_STANDARD_LIBRARIES = YES;
				BUNDLE_LOADER = "$(TEST_HOST)";
				CODE_SIGN_STYLE = Automatic;
				CURRENT_PROJECT_VERSION = 1;
				DEVELOPMENT_TEAM = 52G8X4NULG;
				GENERATE_INFOPLIST_FILE = YES;
				IPHONEOS_DEPLOYMENT_TARGET = 15.5;
				MARKETING_VERSION = 1.0;
				PRODUCT_BUNDLE_IDENTIFIER = "Adrian.Ensena-AppTests";
				PRODUCT_NAME = "$(TARGET_NAME)";
				SWIFT_EMIT_LOC_STRINGS = NO;
				SWIFT_VERSION = 5.0;
				TARGETED_DEVICE_FAMILY = "1,2";
				TEST_HOST = "$(BUILT_PRODUCTS_DIR)/Ensena-App.app/Ensena-App";
			};
			name = Debug;
		};
		5BAF4F582919B72200900570 /* Release */ = {
			isa = XCBuildConfiguration;
			buildSettings = {
				ALWAYS_EMBED_SWIFT_STANDARD_LIBRARIES = YES;
				BUNDLE_LOADER = "$(TEST_HOST)";
				CODE_SIGN_STYLE = Automatic;
				CURRENT_PROJECT_VERSION = 1;
				DEVELOPMENT_TEAM = 52G8X4NULG;
				GENERATE_INFOPLIST_FILE = YES;
				IPHONEOS_DEPLOYMENT_TARGET = 15.5;
				MARKETING_VERSION = 1.0;
				PRODUCT_BUNDLE_IDENTIFIER = "Adrian.Ensena-AppTests";
				PRODUCT_NAME = "$(TARGET_NAME)";
				SWIFT_EMIT_LOC_STRINGS = NO;
				SWIFT_VERSION = 5.0;
				TARGETED_DEVICE_FAMILY = "1,2";
				TEST_HOST = "$(BUILT_PRODUCTS_DIR)/Ensena-App.app/Ensena-App";
			};
			name = Release;
		};
		5BAF4F5A2919B72200900570 /* Debug */ = {
			isa = XCBuildConfiguration;
			buildSettings = {
				ALWAYS_EMBED_SWIFT_STANDARD_LIBRARIES = YES;
				CODE_SIGN_STYLE = Automatic;
				CURRENT_PROJECT_VERSION = 1;
				DEVELOPMENT_TEAM = 52G8X4NULG;
				GENERATE_INFOPLIST_FILE = YES;
				MARKETING_VERSION = 1.0;
				PRODUCT_BUNDLE_IDENTIFIER = "Adrian.Ensena-AppUITests";
				PRODUCT_NAME = "$(TARGET_NAME)";
				SWIFT_EMIT_LOC_STRINGS = NO;
				SWIFT_VERSION = 5.0;
				TARGETED_DEVICE_FAMILY = "1,2";
				TEST_TARGET_NAME = "Ensena-App";
			};
			name = Debug;
		};
		5BAF4F5B2919B72200900570 /* Release */ = {
			isa = XCBuildConfiguration;
			buildSettings = {
				ALWAYS_EMBED_SWIFT_STANDARD_LIBRARIES = YES;
				CODE_SIGN_STYLE = Automatic;
				CURRENT_PROJECT_VERSION = 1;
				DEVELOPMENT_TEAM = 52G8X4NULG;
				GENERATE_INFOPLIST_FILE = YES;
				MARKETING_VERSION = 1.0;
				PRODUCT_BUNDLE_IDENTIFIER = "Adrian.Ensena-AppUITests";
				PRODUCT_NAME = "$(TARGET_NAME)";
				SWIFT_EMIT_LOC_STRINGS = NO;
				SWIFT_VERSION = 5.0;
				TARGETED_DEVICE_FAMILY = "1,2";
				TEST_TARGET_NAME = "Ensena-App";
			};
			name = Release;
		};
/* End XCBuildConfiguration section */

/* Begin XCConfigurationList section */
		5BAF4F2A2919B72000900570 /* Build configuration list for PBXProject "Ensena-App" */ = {
			isa = XCConfigurationList;
			buildConfigurations = (
				5BAF4F512919B72200900570 /* Debug */,
				5BAF4F522919B72200900570 /* Release */,
			);
			defaultConfigurationIsVisible = 0;
			defaultConfigurationName = Release;
		};
		5BAF4F532919B72200900570 /* Build configuration list for PBXNativeTarget "Ensena-App" */ = {
			isa = XCConfigurationList;
			buildConfigurations = (
				5BAF4F542919B72200900570 /* Debug */,
				5BAF4F552919B72200900570 /* Release */,
			);
			defaultConfigurationIsVisible = 0;
			defaultConfigurationName = Release;
		};
		5BAF4F562919B72200900570 /* Build configuration list for PBXNativeTarget "Ensena-AppTests" */ = {
			isa = XCConfigurationList;
			buildConfigurations = (
				5BAF4F572919B72200900570 /* Debug */,
				5BAF4F582919B72200900570 /* Release */,
			);
			defaultConfigurationIsVisible = 0;
			defaultConfigurationName = Release;
		};
		5BAF4F592919B72200900570 /* Build configuration list for PBXNativeTarget "Ensena-AppUITests" */ = {
			isa = XCConfigurationList;
			buildConfigurations = (
				5BAF4F5A2919B72200900570 /* Debug */,
				5BAF4F5B2919B72200900570 /* Release */,
			);
			defaultConfigurationIsVisible = 0;
			defaultConfigurationName = Release;
		};
/* End XCConfigurationList section */
	};
	rootObject = 5BAF4F272919B72000900570 /* Project object */;
}
